
Microsoft Visual Studio Solution File, Format Version 12.00
# Visual Studio 15
VisualStudioVersion = 15.0.28307.489
MinimumVisualStudioVersion = 10.0.40219.1
Project("{9A19103F-16F7-4668-BE54-9A1E7A4F7556}") = "MyAlarm", "MyAlarm\MyAlarm\MyAlarm.csproj", "{3B58F68C-CD97-4131-8183-B615B5996947}"
EndProject
Project("{FAE04EC0-301F-11D3-BF4B-00C04F79EFBC}") = "MyAlarm.Android", "MyAlarm\MyAlarm.Android\MyAlarm.Android.csproj", "{F341666F-BBB8-4365-A0BA-9F51CCA81E2A}"
EndProject
Project("{9A19103F-16F7-4668-BE54-9A1E7A4F7556}") = "MyAlarm.EFStandard", "MyAlarm.EFStandard\MyAlarm.EFStandard.csproj", "{2BC1CCA9-0CD1-4DE2-A202-063C478CC62B}"
EndProject
Project("{9A19103F-16F7-4668-BE54-9A1E7A4F7556}") = "GenEf", "GenEf\GenEf.csproj", "{90219F90-8AE0-4F23-A9AF-348ABCFC5449}"
EndProject
Project("{9A19103F-16F7-4668-BE54-9A1E7A4F7556}") = "Logic", "Logic\Logic.csproj", "{BAF697A3-A6BC-4BA6-BBC8-E8579079D7E8}"
EndProject
Project("{FAE04EC0-301F-11D3-BF4B-00C04F79EFBC}") = "Domain", "Domain\Domain.csproj", "{BBB92090-5C33-4A10-84DF-40B0E597D9DF}"
EndProject
Global
	GlobalSection(SolutionConfigurationPlatforms) = preSolution
		Ad-Hoc|Any CPU = Ad-Hoc|Any CPU
		Ad-Hoc|iPhone = Ad-Hoc|iPhone
		Ad-Hoc|iPhoneSimulator = Ad-Hoc|iPhoneSimulator
		AppStore|Any CPU = AppStore|Any CPU
		AppStore|iPhone = AppStore|iPhone
		AppStore|iPhoneSimulator = AppStore|iPhoneSimulator
		Debug|Any CPU = Debug|Any CPU
		Debug|iPhone = Debug|iPhone
		Debug|iPhoneSimulator = Debug|iPhoneSimulator
		Release|Any CPU = Release|Any CPU
		Release|iPhone = Release|iPhone
		Release|iPhoneSimulator = Release|iPhoneSimulator
	EndGlobalSection
	GlobalSection(ProjectConfigurationPlatforms) = postSolution
		{3B58F68C-CD97-4131-8183-B615B5996947}.Ad-Hoc|Any CPU.ActiveCfg = Debug|Any CPU
		{3B58F68C-CD97-4131-8183-B615B5996947}.Ad-Hoc|Any CPU.Build.0 = Debug|Any CPU
		{3B58F68C-CD97-4131-8183-B615B5996947}.Ad-Hoc|iPhone.ActiveCfg = Debug|Any CPU
		{3B58F68C-CD97-4131-8183-B615B5996947}.Ad-Hoc|iPhone.Build.0 = Debug|Any CPU
		{3B58F68C-CD97-4131-8183-B615B5996947}.Ad-Hoc|iPhoneSimulator.ActiveCfg = Debug|Any CPU
		{3B58F68C-CD97-4131-8183-B615B5996947}.Ad-Hoc|iPhoneSimulator.Build.0 = Debug|Any CPU
		{3B58F68C-CD97-4131-8183-B615B5996947}.AppStore|Any CPU.ActiveCfg = Debug|Any CPU
		{3B58F68C-CD97-4131-8183-B615B5996947}.AppStore|Any CPU.Build.0 = Debug|Any CPU
		{3B58F68C-CD97-4131-8183-B615B5996947}.AppStore|iPhone.ActiveCfg = Debug|Any CPU
		{3B58F68C-CD97-4131-8183-B615B5996947}.AppStore|iPhone.Build.0 = Debug|Any CPU
		{3B58F68C-CD97-4131-8183-B615B5996947}.AppStore|iPhoneSimulator.ActiveCfg = Debug|Any CPU
		{3B58F68C-CD97-4131-8183-B615B5996947}.AppStore|iPhoneSimulator.Build.0 = Debug|Any CPU
		{3B58F68C-CD97-4131-8183-B615B5996947}.Debug|Any CPU.ActiveCfg = Debug|Any CPU
		{3B58F68C-CD97-4131-8183-B615B5996947}.Debug|Any CPU.Build.0 = Debug|Any CPU
		{3B58F68C-CD97-4131-8183-B615B5996947}.Debug|iPhone.ActiveCfg = Debug|Any CPU
		{3B58F68C-CD97-4131-8183-B615B5996947}.Debug|iPhone.Build.0 = Debug|Any CPU
		{3B58F68C-CD97-4131-8183-B615B5996947}.Debug|iPhoneSimulator.ActiveCfg = Debug|Any CPU
		{3B58F68C-CD97-4131-8183-B615B5996947}.Debug|iPhoneSimulator.Build.0 = Debug|Any CPU
		{3B58F68C-CD97-4131-8183-B615B5996947}.Release|Any CPU.ActiveCfg = Release|Any CPU
		{3B58F68C-CD97-4131-8183-B615B5996947}.Release|Any CPU.Build.0 = Release|Any CPU
		{3B58F68C-CD97-4131-8183-B615B5996947}.Release|iPhone.ActiveCfg = Release|Any CPU
		{3B58F68C-CD97-4131-8183-B615B5996947}.Release|iPhone.Build.0 = Release|Any CPU
		{3B58F68C-CD97-4131-8183-B615B5996947}.Release|iPhoneSimulator.ActiveCfg = Release|Any CPU
		{3B58F68C-CD97-4131-8183-B615B5996947}.Release|iPhoneSimulator.Build.0 = Release|Any CPU
		{F341666F-BBB8-4365-A0BA-9F51CCA81E2A}.Ad-Hoc|Any CPU.ActiveCfg = Release|Any CPU
		{F341666F-BBB8-4365-A0BA-9F51CCA81E2A}.Ad-Hoc|Any CPU.Build.0 = Release|Any CPU
		{F341666F-BBB8-4365-A0BA-9F51CCA81E2A}.Ad-Hoc|Any CPU.Deploy.0 = Release|Any CPU
		{F341666F-BBB8-4365-A0BA-9F51CCA81E2A}.Ad-Hoc|iPhone.ActiveCfg = Release|Any CPU
		{F341666F-BBB8-4365-A0BA-9F51CCA81E2A}.Ad-Hoc|iPhone.Build.0 = Release|Any CPU
		{F341666F-BBB8-4365-A0BA-9F51CCA81E2A}.Ad-Hoc|iPhone.Deploy.0 = Release|Any CPU
		{F341666F-BBB8-4365-A0BA-9F51CCA81E2A}.Ad-Hoc|iPhoneSimulator.ActiveCfg = Release|Any CPU
		{F341666F-BBB8-4365-A0BA-9F51CCA81E2A}.Ad-Hoc|iPhoneSimulator.Build.0 = Release|Any CPU
		{F341666F-BBB8-4365-A0BA-9F51CCA81E2A}.Ad-Hoc|iPhoneSimulator.Deploy.0 = Release|Any CPU
		{F341666F-BBB8-4365-A0BA-9F51CCA81E2A}.AppStore|Any CPU.ActiveCfg = Release|Any CPU
		{F341666F-BBB8-4365-A0BA-9F51CCA81E2A}.AppStore|Any CPU.Build.0 = Release|Any CPU
		{F341666F-BBB8-4365-A0BA-9F51CCA81E2A}.AppStore|Any CPU.Deploy.0 = Release|Any CPU
		{F341666F-BBB8-4365-A0BA-9F51CCA81E2A}.AppStore|iPhone.ActiveCfg = Release|Any CPU
		{F341666F-BBB8-4365-A0BA-9F51CCA81E2A}.AppStore|iPhone.Build.0 = Release|Any CPU
		{F341666F-BBB8-4365-A0BA-9F51CCA81E2A}.AppStore|iPhone.Deploy.0 = Release|Any CPU
		{F341666F-BBB8-4365-A0BA-9F51CCA81E2A}.AppStore|iPhoneSimulator.ActiveCfg = Release|Any CPU
		{F341666F-BBB8-4365-A0BA-9F51CCA81E2A}.AppStore|iPhoneSimulator.Build.0 = Release|Any CPU
		{F341666F-BBB8-4365-A0BA-9F51CCA81E2A}.AppStore|iPhoneSimulator.Deploy.0 = Release|Any CPU
		{F341666F-BBB8-4365-A0BA-9F51CCA81E2A}.Debug|Any CPU.ActiveCfg = Debug|Any CPU
		{F341666F-BBB8-4365-A0BA-9F51CCA81E2A}.Debug|Any CPU.Build.0 = Debug|Any CPU
		{F341666F-BBB8-4365-A0BA-9F51CCA81E2A}.Debug|Any CPU.Deploy.0 = Debug|Any CPU
		{F341666F-BBB8-4365-A0BA-9F51CCA81E2A}.Debug|iPhone.ActiveCfg = Debug|Any CPU
		{F341666F-BBB8-4365-A0BA-9F51CCA81E2A}.Debug|iPhone.Build.0 = Debug|Any CPU
		{F341666F-BBB8-4365-A0BA-9F51CCA81E2A}.Debug|iPhone.Deploy.0 = Debug|Any CPU
		{F341666F-BBB8-4365-A0BA-9F51CCA81E2A}.Debug|iPhoneSimulator.ActiveCfg = Debug|Any CPU
		{F341666F-BBB8-4365-A0BA-9F51CCA81E2A}.Debug|iPhoneSimulator.Build.0 = Debug|Any CPU
		{F341666F-BBB8-4365-A0BA-9F51CCA81E2A}.Debug|iPhoneSimulator.Deploy.0 = Debug|Any CPU
		{F341666F-BBB8-4365-A0BA-9F51CCA81E2A}.Release|Any CPU.ActiveCfg = Release|Any CPU
		{F341666F-BBB8-4365-A0BA-9F51CCA81E2A}.Release|Any CPU.Build.0 = Release|Any CPU
		{F341666F-BBB8-4365-A0BA-9F51CCA81E2A}.Release|Any CPU.Deploy.0 = Release|Any CPU
		{F341666F-BBB8-4365-A0BA-9F51CCA81E2A}.Release|iPhone.ActiveCfg = Release|Any CPU
		{F341666F-BBB8-4365-A0BA-9F51CCA81E2A}.Release|iPhone.Build.0 = Release|Any CPU
		{F341666F-BBB8-4365-A0BA-9F51CCA81E2A}.Release|iPhone.Deploy.0 = Release|Any CPU
		{F341666F-BBB8-4365-A0BA-9F51CCA81E2A}.Release|iPhoneSimulator.ActiveCfg = Release|Any CPU
		{F341666F-BBB8-4365-A0BA-9F51CCA81E2A}.Release|iPhoneSimulator.Build.0 = Release|Any CPU
		{F341666F-BBB8-4365-A0BA-9F51CCA81E2A}.Release|iPhoneSimulator.Deploy.0 = Release|Any CPU
		{2BC1CCA9-0CD1-4DE2-A202-063C478CC62B}.Ad-Hoc|Any CPU.ActiveCfg = Debug|Any CPU
		{2BC1CCA9-0CD1-4DE2-A202-063C478CC62B}.Ad-Hoc|Any CPU.Build.0 = Debug|Any CPU
		{2BC1CCA9-0CD1-4DE2-A202-063C478CC62B}.Ad-Hoc|iPhone.ActiveCfg = Debug|Any CPU
		{2BC1CCA9-0CD1-4DE2-A202-063C478CC62B}.Ad-Hoc|iPhone.Build.0 = Debug|Any CPU
		{2BC1CCA9-0CD1-4DE2-A202-063C478CC62B}.Ad-Hoc|iPhoneSimulator.ActiveCfg = Debug|Any CPU
		{2BC1CCA9-0CD1-4DE2-A202-063C478CC62B}.Ad-Hoc|iPhoneSimulator.Build.0 = Debug|Any CPU
		{2BC1CCA9-0CD1-4DE2-A202-063C478CC62B}.AppStore|Any CPU.ActiveCfg = Debug|Any CPU
		{2BC1CCA9-0CD1-4DE2-A202-063C478CC62B}.AppStore|Any CPU.Build.0 = Debug|Any CPU
		{2BC1CCA9-0CD1-4DE2-A202-063C478CC62B}.AppStore|iPhone.ActiveCfg = Debug|Any CPU
		{2BC1CCA9-0CD1-4DE2-A202-063C478CC62B}.AppStore|iPhone.Build.0 = Debug|Any CPU
		{2BC1CCA9-0CD1-4DE2-A202-063C478CC62B}.AppStore|iPhoneSimulator.ActiveCfg = Debug|Any CPU
		{2BC1CCA9-0CD1-4DE2-A202-063C478CC62B}.AppStore|iPhoneSimulator.Build.0 = Debug|Any CPU
		{2BC1CCA9-0CD1-4DE2-A202-063C478CC62B}.Debug|Any CPU.ActiveCfg = Debug|Any CPU
		{2BC1CCA9-0CD1-4DE2-A202-063C478CC62B}.Debug|Any CPU.Build.0 = Debug|Any CPU
		{2BC1CCA9-0CD1-4DE2-A202-063C478CC62B}.Debug|iPhone.ActiveCfg = Debug|Any CPU
		{2BC1CCA9-0CD1-4DE2-A202-063C478CC62B}.Debug|iPhone.Build.0 = Debug|Any CPU
		{2BC1CCA9-0CD1-4DE2-A202-063C478CC62B}.Debug|iPhoneSimulator.ActiveCfg = Debug|Any CPU
		{2BC1CCA9-0CD1-4DE2-A202-063C478CC62B}.Debug|iPhoneSimulator.Build.0 = Debug|Any CPU
		{2BC1CCA9-0CD1-4DE2-A202-063C478CC62B}.Release|Any CPU.ActiveCfg = Release|Any CPU
		{2BC1CCA9-0CD1-4DE2-A202-063C478CC62B}.Release|Any CPU.Build.0 = Release|Any CPU
		{2BC1CCA9-0CD1-4DE2-A202-063C478CC62B}.Release|iPhone.ActiveCfg = Release|Any CPU
		{2BC1CCA9-0CD1-4DE2-A202-063C478CC62B}.Release|iPhone.Build.0 = Release|Any CPU
		{2BC1CCA9-0CD1-4DE2-A202-063C478CC62B}.Release|iPhoneSimulator.ActiveCfg = Release|Any CPU
		{2BC1CCA9-0CD1-4DE2-A202-063C478CC62B}.Release|iPhoneSimulator.Build.0 = Release|Any CPU
		{90219F90-8AE0-4F23-A9AF-348ABCFC5449}.Ad-Hoc|Any CPU.ActiveCfg = Debug|Any CPU
		{90219F90-8AE0-4F23-A9AF-348ABCFC5449}.Ad-Hoc|Any CPU.Build.0 = Debug|Any CPU
		{90219F90-8AE0-4F23-A9AF-348ABCFC5449}.Ad-Hoc|iPhone.ActiveCfg = Debug|Any CPU
		{90219F90-8AE0-4F23-A9AF-348ABCFC5449}.Ad-Hoc|iPhone.Build.0 = Debug|Any CPU
		{90219F90-8AE0-4F23-A9AF-348ABCFC5449}.Ad-Hoc|iPhoneSimulator.ActiveCfg = Debug|Any CPU
		{90219F90-8AE0-4F23-A9AF-348ABCFC5449}.Ad-Hoc|iPhoneSimulator.Build.0 = Debug|Any CPU
		{90219F90-8AE0-4F23-A9AF-348ABCFC5449}.AppStore|Any CPU.ActiveCfg = Debug|Any CPU
		{90219F90-8AE0-4F23-A9AF-348ABCFC5449}.AppStore|Any CPU.Build.0 = Debug|Any CPU
		{90219F90-8AE0-4F23-A9AF-348ABCFC5449}.AppStore|iPhone.ActiveCfg = Debug|Any CPU
		{90219F90-8AE0-4F23-A9AF-348ABCFC5449}.AppStore|iPhone.Build.0 = Debug|Any CPU
		{90219F90-8AE0-4F23-A9AF-348ABCFC5449}.AppStore|iPhoneSimulator.ActiveCfg = Debug|Any CPU
		{90219F90-8AE0-4F23-A9AF-348ABCFC5449}.AppStore|iPhoneSimulator.Build.0 = Debug|Any CPU
		{90219F90-8AE0-4F23-A9AF-348ABCFC5449}.Debug|Any CPU.ActiveCfg = Debug|Any CPU
		{90219F90-8AE0-4F23-A9AF-348ABCFC5449}.Debug|Any CPU.Build.0 = Debug|Any CPU
		{90219F90-8AE0-4F23-A9AF-348ABCFC5449}.Debug|iPhone.ActiveCfg = Debug|Any CPU
		{90219F90-8AE0-4F23-A9AF-348ABCFC5449}.Debug|iPhone.Build.0 = Debug|Any CPU
		{90219F90-8AE0-4F23-A9AF-348ABCFC5449}.Debug|iPhoneSimulator.ActiveCfg = Debug|Any CPU
		{90219F90-8AE0-4F23-A9AF-348ABCFC5449}.Debug|iPhoneSimulator.Build.0 = Debug|Any CPU
		{90219F90-8AE0-4F23-A9AF-348ABCFC5449}.Release|Any CPU.ActiveCfg = Release|Any CPU
		{90219F90-8AE0-4F23-A9AF-348ABCFC5449}.Release|Any CPU.Build.0 = Release|Any CPU
		{90219F90-8AE0-4F23-A9AF-348ABCFC5449}.Release|iPhone.ActiveCfg = Release|Any CPU
		{90219F90-8AE0-4F23-A9AF-348ABCFC5449}.Release|iPhone.Build.0 = Release|Any CPU
		{90219F90-8AE0-4F23-A9AF-348ABCFC5449}.Release|iPhoneSimulator.ActiveCfg = Release|Any CPU
		{90219F90-8AE0-4F23-A9AF-348ABCFC5449}.Release|iPhoneSimulator.Build.0 = Release|Any CPU
		{BAF697A3-A6BC-4BA6-BBC8-E8579079D7E8}.Ad-Hoc|Any CPU.ActiveCfg = Debug|Any CPU
		{BAF697A3-A6BC-4BA6-BBC8-E8579079D7E8}.Ad-Hoc|Any CPU.Build.0 = Debug|Any CPU
		{BAF697A3-A6BC-4BA6-BBC8-E8579079D7E8}.Ad-Hoc|iPhone.ActiveCfg = Debug|Any CPU
		{BAF697A3-A6BC-4BA6-BBC8-E8579079D7E8}.Ad-Hoc|iPhone.Build.0 = Debug|Any CPU
		{BAF697A3-A6BC-4BA6-BBC8-E8579079D7E8}.Ad-Hoc|iPhoneSimulator.ActiveCfg = Debug|Any CPU
		{BAF697A3-A6BC-4BA6-BBC8-E8579079D7E8}.Ad-Hoc|iPhoneSimulator.Build.0 = Debug|Any CPU
		{BAF697A3-A6BC-4BA6-BBC8-E8579079D7E8}.AppStore|Any CPU.ActiveCfg = Debug|Any CPU
		{BAF697A3-A6BC-4BA6-BBC8-E8579079D7E8}.AppStore|Any CPU.Build.0 = Debug|Any CPU
		{BAF697A3-A6BC-4BA6-BBC8-E8579079D7E8}.AppStore|iPhone.ActiveCfg = Debug|Any CPU
		{BAF697A3-A6BC-4BA6-BBC8-E8579079D7E8}.AppStore|iPhone.Build.0 = Debug|Any CPU
		{BAF697A3-A6BC-4BA6-BBC8-E8579079D7E8}.AppStore|iPhoneSimulator.ActiveCfg = Debug|Any CPU
		{BAF697A3-A6BC-4BA6-BBC8-E8579079D7E8}.AppStore|iPhoneSimulator.Build.0 = Debug|Any CPU
		{BAF697A3-A6BC-4BA6-BBC8-E8579079D7E8}.Debug|Any CPU.ActiveCfg = Debug|Any CPU
		{BAF697A3-A6BC-4BA6-BBC8-E8579079D7E8}.Debug|Any CPU.Build.0 = Debug|Any CPU
		{BAF697A3-A6BC-4BA6-BBC8-E8579079D7E8}.Debug|iPhone.ActiveCfg = Debug|Any CPU
		{BAF697A3-A6BC-4BA6-BBC8-E8579079D7E8}.Debug|iPhone.Build.0 = Debug|Any CPU
		{BAF697A3-A6BC-4BA6-BBC8-E8579079D7E8}.Debug|iPhoneSimulator.ActiveCfg = Debug|Any CPU
		{BAF697A3-A6BC-4BA6-BBC8-E8579079D7E8}.Debug|iPhoneSimulator.Build.0 = Debug|Any CPU
		{BAF697A3-A6BC-4BA6-BBC8-E8579079D7E8}.Release|Any CPU.ActiveCfg = Release|Any CPU
		{BAF697A3-A6BC-4BA6-BBC8-E8579079D7E8}.Release|Any CPU.Build.0 = Release|Any CPU
		{BAF697A3-A6BC-4BA6-BBC8-E8579079D7E8}.Release|iPhone.ActiveCfg = Release|Any CPU
		{BAF697A3-A6BC-4BA6-BBC8-E8579079D7E8}.Release|iPhone.Build.0 = Release|Any CPU
		{BAF697A3-A6BC-4BA6-BBC8-E8579079D7E8}.Release|iPhoneSimulator.ActiveCfg = Release|Any CPU
		{BAF697A3-A6BC-4BA6-BBC8-E8579079D7E8}.Release|iPhoneSimulator.Build.0 = Release|Any CPU
		{BBB92090-5C33-4A10-84DF-40B0E597D9DF}.Ad-Hoc|Any CPU.ActiveCfg = Debug|Any CPU
		{BBB92090-5C33-4A10-84DF-40B0E597D9DF}.Ad-Hoc|Any CPU.Build.0 = Debug|Any CPU
		{BBB92090-5C33-4A10-84DF-40B0E597D9DF}.Ad-Hoc|iPhone.ActiveCfg = Debug|Any CPU
		{BBB92090-5C33-4A10-84DF-40B0E597D9DF}.Ad-Hoc|iPhone.Build.0 = Debug|Any CPU
		{BBB92090-5C33-4A10-84DF-40B0E597D9DF}.Ad-Hoc|iPhoneSimulator.ActiveCfg = Debug|Any CPU
		{BBB92090-5C33-4A10-84DF-40B0E597D9DF}.Ad-Hoc|iPhoneSimulator.Build.0 = Debug|Any CPU
		{BBB92090-5C33-4A10-84DF-40B0E597D9DF}.AppStore|Any CPU.ActiveCfg = Debug|Any CPU
		{BBB92090-5C33-4A10-84DF-40B0E597D9DF}.AppStore|Any CPU.Build.0 = Debug|Any CPU
		{BBB92090-5C33-4A10-84DF-40B0E597D9DF}.AppStore|iPhone.ActiveCfg = Debug|Any CPU
		{BBB92090-5C33-4A10-84DF-40B0E597D9DF}.AppStore|iPhone.Build.0 = Debug|Any CPU
		{BBB92090-5C33-4A10-84DF-40B0E597D9DF}.AppStore|iPhoneSimulator.ActiveCfg = Debug|Any CPU
		{BBB92090-5C33-4A10-84DF-40B0E597D9DF}.AppStore|iPhoneSimulator.Build.0 = Debug|Any CPU
		{BBB92090-5C33-4A10-84DF-40B0E597D9DF}.Debug|Any CPU.ActiveCfg = Debug|Any CPU
		{BBB92090-5C33-4A10-84DF-40B0E597D9DF}.Debug|Any CPU.Build.0 = Debug|Any CPU
		{BBB92090-5C33-4A10-84DF-40B0E597D9DF}.Debug|iPhone.ActiveCfg = Debug|Any CPU
		{BBB92090-5C33-4A10-84DF-40B0E597D9DF}.Debug|iPhone.Build.0 = Debug|Any CPU
		{BBB92090-5C33-4A10-84DF-40B0E597D9DF}.Debug|iPhoneSimulator.ActiveCfg = Debug|Any CPU
		{BBB92090-5C33-4A10-84DF-40B0E597D9DF}.Debug|iPhoneSimulator.Build.0 = Debug|Any CPU
		{BBB92090-5C33-4A10-84DF-40B0E597D9DF}.Release|Any CPU.ActiveCfg = Release|Any CPU
		{BBB92090-5C33-4A10-84DF-40B0E597D9DF}.Release|Any CPU.Build.0 = Release|Any CPU
		{BBB92090-5C33-4A10-84DF-40B0E597D9DF}.Release|iPhone.ActiveCfg = Release|Any CPU
		{BBB92090-5C33-4A10-84DF-40B0E597D9DF}.Release|iPhone.Build.0 = Release|Any CPU
		{BBB92090-5C33-4A10-84DF-40B0E597D9DF}.Release|iPhoneSimulator.ActiveCfg = Release|Any CPU
		{BBB92090-5C33-4A10-84DF-40B0E597D9DF}.Release|iPhoneSimulator.Build.0 = Release|Any CPU
	EndGlobalSection
	GlobalSection(SolutionProperties) = preSolution
		HideSolutionNode = FALSE
	EndGlobalSection
	GlobalSection(ExtensibilityGlobals) = postSolution
		SolutionGuid = {ACCC024D-EA7E-43A9-A1DE-1511C8B1DE0F}
	EndGlobalSection
EndGlobal
